// !$*UTF8*$!
{
	archiveVersion = 1;
	classes = {
	};
	objectVersion = 46;
	objects = {

/* Begin PBXBuildFile section */
		8E02AC4D1560F8710042CB74 /* TicTacToeMatrix.m in Sources */ = {isa = PBXBuildFile; fileRef = 8E02AC4C1560F8710042CB74 /* TicTacToeMatrix.m */; };
		8E3C7AF115455FB50062D136 /* UIKit.framework in Frameworks */ = {isa = PBXBuildFile; fileRef = 8E3C7AF015455FB50062D136 /* UIKit.framework */; };
		8E3C7AF315455FB50062D136 /* Foundation.framework in Frameworks */ = {isa = PBXBuildFile; fileRef = 8E3C7AF215455FB50062D136 /* Foundation.framework */; };
		8E3C7AF515455FB50062D136 /* CoreGraphics.framework in Frameworks */ = {isa = PBXBuildFile; fileRef = 8E3C7AF415455FB50062D136 /* CoreGraphics.framework */; };
		8E3C7AFB15455FB50062D136 /* InfoPlist.strings in Resources */ = {isa = PBXBuildFile; fileRef = 8E3C7AF915455FB50062D136 /* InfoPlist.strings */; };
		8E3C7AFD15455FB50062D136 /* main.m in Sources */ = {isa = PBXBuildFile; fileRef = 8E3C7AFC15455FB50062D136 /* main.m */; };
		8E3C7B0115455FB50062D136 /* AppDelegate.m in Sources */ = {isa = PBXBuildFile; fileRef = 8E3C7B0015455FB50062D136 /* AppDelegate.m */; };
		8E3C7B0415455FB50062D136 /* GameViewController.m in Sources */ = {isa = PBXBuildFile; fileRef = 8E3C7B0315455FB50062D136 /* GameViewController.m */; };
		8E3C7B0715455FB50062D136 /* GameViewController.xib in Resources */ = {isa = PBXBuildFile; fileRef = 8E3C7B0515455FB50062D136 /* GameViewController.xib */; };
		8E6BF524157CADB400B18F24 /* SettingsModel.m in Sources */ = {isa = PBXBuildFile; fileRef = 8E6BF523157CADB400B18F24 /* SettingsModel.m */; };
		8E70ED2815A1982100D0A4D5 /* login.json in Resources */ = {isa = PBXBuildFile; fileRef = 8E70ED2715A1982100D0A4D5 /* login.json */; };
		8E70ED2C15A198B100D0A4D5 /* GameServerProxy.m in Sources */ = {isa = PBXBuildFile; fileRef = 8E70ED2B15A198B100D0A4D5 /* GameServerProxy.m */; };
		8E7FEAC21570107900A02A0E /* feld.png in Resources */ = {isa = PBXBuildFile; fileRef = 8E7FEAC11570107900A02A0E /* feld.png */; };
		8E7FEAC41570116800A02A0E /* kreuz.png in Resources */ = {isa = PBXBuildFile; fileRef = 8E7FEAC31570116800A02A0E /* kreuz.png */; };
		8E7FEAC6157011F900A02A0E /* kreis.png in Resources */ = {isa = PBXBuildFile; fileRef = 8E7FEAC5157011F900A02A0E /* kreis.png */; };
		8E7FEAC91570178500A02A0E /* kreis_win.png in Resources */ = {isa = PBXBuildFile; fileRef = 8E7FEAC81570178500A02A0E /* kreis_win.png */; };
		8E7FEACB1570179000A02A0E /* kreuz_win.png in Resources */ = {isa = PBXBuildFile; fileRef = 8E7FEACA1570179000A02A0E /* kreuz_win.png */; };
		8E8C3E25156A3D3900598590 /* WinNotificationObject.m in Sources */ = {isa = PBXBuildFile; fileRef = 8E8C3E24156A3D3900598590 /* WinNotificationObject.m */; };
		8E8C3E29156A53BD00598590 /* SetFieldObject.m in Sources */ = {isa = PBXBuildFile; fileRef = 8E8C3E28156A53BD00598590 /* SetFieldObject.m */; };
		8EF04A9B158F1FE000EB91B4 /* MapKit.framework in Frameworks */ = {isa = PBXBuildFile; fileRef = 8EF04A9A158F1FE000EB91B4 /* MapKit.framework */; };
		8EF04A9E158F200C00EB91B4 /* Player.m in Sources */ = {isa = PBXBuildFile; fileRef = 8EF04A9D158F200B00EB91B4 /* Player.m */; };
		8EF04AA0158F2A2D00EB91B4 /* CoreLocation.framework in Frameworks */ = {isa = PBXBuildFile; fileRef = 8EF04A9F158F2A2D00EB91B4 /* CoreLocation.framework */; };
		8EF84E6F156155850023C647 /* MapViewController.m in Sources */ = {isa = PBXBuildFile; fileRef = 8EF84E6D156155850023C647 /* MapViewController.m */; };
		8EF84E70156155850023C647 /* MapViewController.xib in Resources */ = {isa = PBXBuildFile; fileRef = 8EF84E6E156155850023C647 /* MapViewController.xib */; };
		8EF84E751561585F0023C647 /* ViewController.m in Sources */ = {isa = PBXBuildFile; fileRef = 8EF84E731561585F0023C647 /* ViewController.m */; };
		8EF84E761561585F0023C647 /* ViewController.xib in Resources */ = {isa = PBXBuildFile; fileRef = 8EF84E741561585F0023C647 /* ViewController.xib */; };
		8EF84E7A15615C230023C647 /* SettingsViewController.m in Sources */ = {isa = PBXBuildFile; fileRef = 8EF84E7815615C230023C647 /* SettingsViewController.m */; };
		8EF84E7B15615C230023C647 /* SettingsViewController.xib in Resources */ = {isa = PBXBuildFile; fileRef = 8EF84E7915615C230023C647 /* SettingsViewController.xib */; };
		8EF84E7D15615F3B0023C647 /* map.png in Resources */ = {isa = PBXBuildFile; fileRef = 8EF84E7C15615F3B0023C647 /* map.png */; };
		8EF84E7F156162480023C647 /* settings.png in Resources */ = {isa = PBXBuildFile; fileRef = 8EF84E7E156162480023C647 /* settings.png */; };
		8EF84E81156163230023C647 /* game.png in Resources */ = {isa = PBXBuildFile; fileRef = 8EF84E80156163230023C647 /* game.png */; };
/* End PBXBuildFile section */

/* Begin PBXFileReference section */
		8E02AC4B1560F8710042CB74 /* TicTacToeMatrix.h */ = {isa = PBXFileReference; fileEncoding = 4; lastKnownFileType = sourcecode.c.h; name = TicTacToeMatrix.h; path = model/TicTacToeMatrix.h; sourceTree = "<group>"; };
		8E02AC4C1560F8710042CB74 /* TicTacToeMatrix.m */ = {isa = PBXFileReference; fileEncoding = 4; lastKnownFileType = sourcecode.c.objc; name = TicTacToeMatrix.m; path = model/TicTacToeMatrix.m; sourceTree = "<group>"; };
		8E3C7AEC15455FB50062D136 /* tictactoe.app */ = {isa = PBXFileReference; explicitFileType = wrapper.application; includeInIndex = 0; path = tictactoe.app; sourceTree = BUILT_PRODUCTS_DIR; };
		8E3C7AF015455FB50062D136 /* UIKit.framework */ = {isa = PBXFileReference; lastKnownFileType = wrapper.framework; name = UIKit.framework; path = System/Library/Frameworks/UIKit.framework; sourceTree = SDKROOT; };
		8E3C7AF215455FB50062D136 /* Foundation.framework */ = {isa = PBXFileReference; lastKnownFileType = wrapper.framework; name = Foundation.framework; path = System/Library/Frameworks/Foundation.framework; sourceTree = SDKROOT; };
		8E3C7AF415455FB50062D136 /* CoreGraphics.framework */ = {isa = PBXFileReference; lastKnownFileType = wrapper.framework; name = CoreGraphics.framework; path = System/Library/Frameworks/CoreGraphics.framework; sourceTree = SDKROOT; };
		8E3C7AF815455FB50062D136 /* tictactoe-Info.plist */ = {isa = PBXFileReference; lastKnownFileType = text.plist.xml; path = "tictactoe-Info.plist"; sourceTree = "<group>"; };
		8E3C7AFA15455FB50062D136 /* en */ = {isa = PBXFileReference; lastKnownFileType = text.plist.strings; name = en; path = en.lproj/InfoPlist.strings; sourceTree = "<group>"; };
		8E3C7AFC15455FB50062D136 /* main.m */ = {isa = PBXFileReference; lastKnownFileType = sourcecode.c.objc; path = main.m; sourceTree = "<group>"; };
		8E3C7AFE15455FB50062D136 /* tictactoe-Prefix.pch */ = {isa = PBXFileReference; lastKnownFileType = sourcecode.c.h; path = "tictactoe-Prefix.pch"; sourceTree = "<group>"; };
		8E3C7AFF15455FB50062D136 /* AppDelegate.h */ = {isa = PBXFileReference; lastKnownFileType = sourcecode.c.h; path = AppDelegate.h; sourceTree = "<group>"; };
		8E3C7B0015455FB50062D136 /* AppDelegate.m */ = {isa = PBXFileReference; lastKnownFileType = sourcecode.c.objc; path = AppDelegate.m; sourceTree = "<group>"; };
		8E3C7B0215455FB50062D136 /* GameViewController.h */ = {isa = PBXFileReference; lastKnownFileType = sourcecode.c.h; path = GameViewController.h; sourceTree = "<group>"; };
		8E3C7B0315455FB50062D136 /* GameViewController.m */ = {isa = PBXFileReference; lastKnownFileType = sourcecode.c.objc; path = GameViewController.m; sourceTree = "<group>"; };
		8E3C7B0615455FB50062D136 /* en */ = {isa = PBXFileReference; lastKnownFileType = file.xib; name = en; path = en.lproj/GameViewController.xib; sourceTree = "<group>"; };
		8E6BF522157CADB400B18F24 /* SettingsModel.h */ = {isa = PBXFileReference; fileEncoding = 4; lastKnownFileType = sourcecode.c.h; name = SettingsModel.h; path = model/SettingsModel.h; sourceTree = "<group>"; };
		8E6BF523157CADB400B18F24 /* SettingsModel.m */ = {isa = PBXFileReference; fileEncoding = 4; lastKnownFileType = sourcecode.c.objc; name = SettingsModel.m; path = model/SettingsModel.m; sourceTree = "<group>"; };
		8E70ED2715A1982100D0A4D5 /* login.json */ = {isa = PBXFileReference; fileEncoding = 4; lastKnownFileType = text.json; path = login.json; sourceTree = "<group>"; };
		8E70ED2A15A198B100D0A4D5 /* GameServerProxy.h */ = {isa = PBXFileReference; fileEncoding = 4; lastKnownFileType = sourcecode.c.h; path = GameServerProxy.h; sourceTree = "<group>"; };
		8E70ED2B15A198B100D0A4D5 /* GameServerProxy.m */ = {isa = PBXFileReference; fileEncoding = 4; lastKnownFileType = sourcecode.c.objc; path = GameServerProxy.m; sourceTree = "<group>"; };
		8E70ED3115A1B4BF00D0A4D5 /* GameServerDelegate.h */ = {isa = PBXFileReference; lastKnownFileType = sourcecode.c.h; path = GameServerDelegate.h; sourceTree = "<group>"; };
		8E7FEAC11570107900A02A0E /* feld.png */ = {isa = PBXFileReference; lastKnownFileType = image.png; path = feld.png; sourceTree = "<group>"; };
		8E7FEAC31570116800A02A0E /* kreuz.png */ = {isa = PBXFileReference; lastKnownFileType = image.png; path = kreuz.png; sourceTree = "<group>"; };
		8E7FEAC5157011F900A02A0E /* kreis.png */ = {isa = PBXFileReference; lastKnownFileType = image.png; path = kreis.png; sourceTree = "<group>"; };
		8E7FEAC81570178500A02A0E /* kreis_win.png */ = {isa = PBXFileReference; lastKnownFileType = image.png; path = kreis_win.png; sourceTree = "<group>"; };
		8E7FEACA1570179000A02A0E /* kreuz_win.png */ = {isa = PBXFileReference; lastKnownFileType = image.png; path = kreuz_win.png; sourceTree = "<group>"; };
		8E8C3E23156A3D3900598590 /* WinNotificationObject.h */ = {isa = PBXFileReference; fileEncoding = 4; lastKnownFileType = sourcecode.c.h; name = WinNotificationObject.h; path = model/WinNotificationObject.h; sourceTree = "<group>"; };
		8E8C3E24156A3D3900598590 /* WinNotificationObject.m */ = {isa = PBXFileReference; fileEncoding = 4; lastKnownFileType = sourcecode.c.objc; name = WinNotificationObject.m; path = model/WinNotificationObject.m; sourceTree = "<group>"; };
		8E8C3E27156A53BD00598590 /* SetFieldObject.h */ = {isa = PBXFileReference; fileEncoding = 4; lastKnownFileType = sourcecode.c.h; name = SetFieldObject.h; path = model/SetFieldObject.h; sourceTree = "<group>"; };
		8E8C3E28156A53BD00598590 /* SetFieldObject.m */ = {isa = PBXFileReference; fileEncoding = 4; lastKnownFileType = sourcecode.c.objc; name = SetFieldObject.m; path = model/SetFieldObject.m; sourceTree = "<group>"; };
		8EF04A9A158F1FE000EB91B4 /* MapKit.framework */ = {isa = PBXFileReference; lastKnownFileType = wrapper.framework; name = MapKit.framework; path = System/Library/Frameworks/MapKit.framework; sourceTree = SDKROOT; };
		8EF04A9C158F200B00EB91B4 /* Player.h */ = {isa = PBXFileReference; fileEncoding = 4; lastKnownFileType = sourcecode.c.h; path = Player.h; sourceTree = "<group>"; };
		8EF04A9D158F200B00EB91B4 /* Player.m */ = {isa = PBXFileReference; fileEncoding = 4; lastKnownFileType = sourcecode.c.objc; path = Player.m; sourceTree = "<group>"; };
		8EF04A9F158F2A2D00EB91B4 /* CoreLocation.framework */ = {isa = PBXFileReference; lastKnownFileType = wrapper.framework; name = CoreLocation.framework; path = System/Library/Frameworks/CoreLocation.framework; sourceTree = SDKROOT; };
		8EF84E6C156155850023C647 /* MapViewController.h */ = {isa = PBXFileReference; fileEncoding = 4; lastKnownFileType = sourcecode.c.h; name = MapViewController.h; path = map/MapViewController.h; sourceTree = "<group>"; };
		8EF84E6D156155850023C647 /* MapViewController.m */ = {isa = PBXFileReference; fileEncoding = 4; lastKnownFileType = sourcecode.c.objc; name = MapViewController.m; path = map/MapViewController.m; sourceTree = "<group>"; };
		8EF84E6E156155850023C647 /* MapViewController.xib */ = {isa = PBXFileReference; fileEncoding = 4; lastKnownFileType = file.xib; name = MapViewController.xib; path = map/MapViewController.xib; sourceTree = "<group>"; };
		8EF84E721561585F0023C647 /* ViewController.h */ = {isa = PBXFileReference; fileEncoding = 4; lastKnownFileType = sourcecode.c.h; path = ViewController.h; sourceTree = "<group>"; };
		8EF84E731561585F0023C647 /* ViewController.m */ = {isa = PBXFileReference; fileEncoding = 4; lastKnownFileType = sourcecode.c.objc; path = ViewController.m; sourceTree = "<group>"; };
		8EF84E741561585F0023C647 /* ViewController.xib */ = {isa = PBXFileReference; fileEncoding = 4; lastKnownFileType = file.xib; path = ViewController.xib; sourceTree = "<group>"; };
		8EF84E7715615C230023C647 /* SettingsViewController.h */ = {isa = PBXFileReference; fileEncoding = 4; lastKnownFileType = sourcecode.c.h; name = SettingsViewController.h; path = settings/SettingsViewController.h; sourceTree = "<group>"; };
		8EF84E7815615C230023C647 /* SettingsViewController.m */ = {isa = PBXFileReference; fileEncoding = 4; lastKnownFileType = sourcecode.c.objc; name = SettingsViewController.m; path = settings/SettingsViewController.m; sourceTree = "<group>"; };
		8EF84E7915615C230023C647 /* SettingsViewController.xib */ = {isa = PBXFileReference; fileEncoding = 4; lastKnownFileType = file.xib; name = SettingsViewController.xib; path = settings/SettingsViewController.xib; sourceTree = "<group>"; };
		8EF84E7C15615F3B0023C647 /* map.png */ = {isa = PBXFileReference; lastKnownFileType = image.png; path = map.png; sourceTree = "<group>"; };
		8EF84E7E156162480023C647 /* settings.png */ = {isa = PBXFileReference; lastKnownFileType = image.png; path = settings.png; sourceTree = "<group>"; };
		8EF84E80156163230023C647 /* game.png */ = {isa = PBXFileReference; lastKnownFileType = image.png; path = game.png; sourceTree = "<group>"; };
/* End PBXFileReference section */

/* Begin PBXFrameworksBuildPhase section */
		8E3C7AE915455FB50062D136 /* Frameworks */ = {
			isa = PBXFrameworksBuildPhase;
			buildActionMask = 2147483647;
			files = (
				8EF04AA0158F2A2D00EB91B4 /* CoreLocation.framework in Frameworks */,
				8EF04A9B158F1FE000EB91B4 /* MapKit.framework in Frameworks */,
				8E3C7AF115455FB50062D136 /* UIKit.framework in Frameworks */,
				8E3C7AF315455FB50062D136 /* Foundation.framework in Frameworks */,
				8E3C7AF515455FB50062D136 /* CoreGraphics.framework in Frameworks */,
			);
			runOnlyForDeploymentPostprocessing = 0;
		};
/* End PBXFrameworksBuildPhase section */

/* Begin PBXGroup section */
		8E02AC491560F8280042CB74 /* model */ = {
			isa = PBXGroup;
			children = (
				8E02AC4B1560F8710042CB74 /* TicTacToeMatrix.h */,
				8E02AC4C1560F8710042CB74 /* TicTacToeMatrix.m */,
				8E8C3E23156A3D3900598590 /* WinNotificationObject.h */,
				8E8C3E24156A3D3900598590 /* WinNotificationObject.m */,
				8E8C3E27156A53BD00598590 /* SetFieldObject.h */,
				8E8C3E28156A53BD00598590 /* SetFieldObject.m */,
				8E6BF522157CADB400B18F24 /* SettingsModel.h */,
				8E6BF523157CADB400B18F24 /* SettingsModel.m */,
				8EF04A9C158F200B00EB91B4 /* Player.h */,
				8EF04A9D158F200B00EB91B4 /* Player.m */,
			);
			name = model;
			sourceTree = "<group>";
		};
		8E02AC50156118930042CB74 /* map */ = {
			isa = PBXGroup;
			children = (
				8EF84E6C156155850023C647 /* MapViewController.h */,
				8EF84E6D156155850023C647 /* MapViewController.m */,
				8EF84E6E156155850023C647 /* MapViewController.xib */,
				8E70ED3115A1B4BF00D0A4D5 /* GameServerDelegate.h */,
			);
			name = map;
			sourceTree = "<group>";
		};
		8E02AC511561189D0042CB74 /* settings */ = {
			isa = PBXGroup;
			children = (
				8EF84E7715615C230023C647 /* SettingsViewController.h */,
				8EF84E7815615C230023C647 /* SettingsViewController.m */,
				8EF84E7915615C230023C647 /* SettingsViewController.xib */,
			);
			name = settings;
			sourceTree = "<group>";
		};
		8E3C7AE115455FB40062D136 = {
			isa = PBXGroup;
			children = (
				8E3C7AF615455FB50062D136 /* tictactoe */,
				8E3C7AEF15455FB50062D136 /* Frameworks */,
				8E3C7AED15455FB50062D136 /* Products */,
			);
			sourceTree = "<group>";
		};
		8E3C7AED15455FB50062D136 /* Products */ = {
			isa = PBXGroup;
			children = (
				8E3C7AEC15455FB50062D136 /* tictactoe.app */,
			);
			name = Products;
			sourceTree = "<group>";
		};
		8E3C7AEF15455FB50062D136 /* Frameworks */ = {
			isa = PBXGroup;
			children = (
				8EF04A9F158F2A2D00EB91B4 /* CoreLocation.framework */,
				8EF04A9A158F1FE000EB91B4 /* MapKit.framework */,
				8E3C7AF015455FB50062D136 /* UIKit.framework */,
				8E3C7AF215455FB50062D136 /* Foundation.framework */,
				8E3C7AF415455FB50062D136 /* CoreGraphics.framework */,
			);
			name = Frameworks;
			sourceTree = "<group>";
		};
		8E3C7AF615455FB50062D136 /* tictactoe */ = {
			isa = PBXGroup;
			children = (
				8E70ED2915A1988B00D0A4D5 /* server */,
				8E02AC511561189D0042CB74 /* settings */,
				8E02AC50156118930042CB74 /* map */,
				8E02AC491560F8280042CB74 /* model */,
				8E3C7AFF15455FB50062D136 /* AppDelegate.h */,
				8E3C7B0015455FB50062D136 /* AppDelegate.m */,
				8E3C7B0215455FB50062D136 /* GameViewController.h */,
				8E3C7B0315455FB50062D136 /* GameViewController.m */,
				8E3C7B0515455FB50062D136 /* GameViewController.xib */,
				8E3C7AF715455FB50062D136 /* Supporting Files */,
				8EF84E721561585F0023C647 /* ViewController.h */,
				8EF84E731561585F0023C647 /* ViewController.m */,
				8EF84E741561585F0023C647 /* ViewController.xib */,
			);
			path = tictactoe;
			sourceTree = "<group>";
		};
		8E3C7AF715455FB50062D136 /* Supporting Files */ = {
			isa = PBXGroup;
			children = (
				8E70ED2515A1980100D0A4D5 /* serverMessages */,
				8EF84E80156163230023C647 /* game.png */,
				8E7FEAC71570175900A02A0E /* images */,
				8E3C7AF815455FB50062D136 /* tictactoe-Info.plist */,
				8E3C7AF915455FB50062D136 /* InfoPlist.strings */,
				8E3C7AFC15455FB50062D136 /* main.m */,
				8E3C7AFE15455FB50062D136 /* tictactoe-Prefix.pch */,
			);
			name = "Supporting Files";
			sourceTree = "<group>";
		};
		8E70ED2515A1980100D0A4D5 /* serverMessages */ = {
			isa = PBXGroup;
			children = (
				8E70ED2715A1982100D0A4D5 /* login.json */,
			);
			name = serverMessages;
			sourceTree = "<group>";
		};
		8E70ED2915A1988B00D0A4D5 /* server */ = {
			isa = PBXGroup;
			children = (
				8E70ED2A15A198B100D0A4D5 /* GameServerProxy.h */,
				8E70ED2B15A198B100D0A4D5 /* GameServerProxy.m */,
			);
			name = server;
			sourceTree = "<group>";
		};
		8E7FEAC71570175900A02A0E /* images */ = {
			isa = PBXGroup;
			children = (
				8E7FEACA1570179000A02A0E /* kreuz_win.png */,
				8E7FEAC81570178500A02A0E /* kreis_win.png */,
				8E7FEAC5157011F900A02A0E /* kreis.png */,
				8E7FEAC31570116800A02A0E /* kreuz.png */,
				8E7FEAC11570107900A02A0E /* feld.png */,
				8EF84E7E156162480023C647 /* settings.png */,
				8EF84E7C15615F3B0023C647 /* map.png */,
			);
			name = images;
			sourceTree = "<group>";
		};
/* End PBXGroup section */

/* Begin PBXNativeTarget section */
		8E3C7AEB15455FB50062D136 /* tictactoe */ = {
			isa = PBXNativeTarget;
			buildConfigurationList = 8E3C7B0A15455FB50062D136 /* Build configuration list for PBXNativeTarget "tictactoe" */;
			buildPhases = (
				8E3C7AE815455FB50062D136 /* Sources */,
				8E3C7AE915455FB50062D136 /* Frameworks */,
				8E3C7AEA15455FB50062D136 /* Resources */,
			);
			buildRules = (
			);
			dependencies = (
			);
			name = tictactoe;
			productName = tictactoe;
			productReference = 8E3C7AEC15455FB50062D136 /* tictactoe.app */;
			productType = "com.apple.product-type.application";
		};
/* End PBXNativeTarget section */

/* Begin PBXProject section */
		8E3C7AE315455FB40062D136 /* Project object */ = {
			isa = PBXProject;
			attributes = {
				LastUpgradeCheck = 0430;
			};
			buildConfigurationList = 8E3C7AE615455FB40062D136 /* Build configuration list for PBXProject "tictactoe" */;
			compatibilityVersion = "Xcode 3.2";
			developmentRegion = English;
			hasScannedForEncodings = 0;
			knownRegions = (
				en,
			);
			mainGroup = 8E3C7AE115455FB40062D136;
			productRefGroup = 8E3C7AED15455FB50062D136 /* Products */;
			projectDirPath = "";
			projectRoot = "";
			targets = (
				8E3C7AEB15455FB50062D136 /* tictactoe */,
			);
		};
/* End PBXProject section */

/* Begin PBXResourcesBuildPhase section */
		8E3C7AEA15455FB50062D136 /* Resources */ = {
			isa = PBXResourcesBuildPhase;
			buildActionMask = 2147483647;
			files = (
				8E3C7AFB15455FB50062D136 /* InfoPlist.strings in Resources */,
				8E3C7B0715455FB50062D136 /* GameViewController.xib in Resources */,
				8EF84E70156155850023C647 /* MapViewController.xib in Resources */,
				8EF84E761561585F0023C647 /* ViewController.xib in Resources */,
				8EF84E7B15615C230023C647 /* SettingsViewController.xib in Resources */,
				8EF84E7D15615F3B0023C647 /* map.png in Resources */,
				8EF84E7F156162480023C647 /* settings.png in Resources */,
				8EF84E81156163230023C647 /* game.png in Resources */,
				8E7FEAC21570107900A02A0E /* feld.png in Resources */,
				8E7FEAC41570116800A02A0E /* kreuz.png in Resources */,
				8E7FEAC6157011F900A02A0E /* kreis.png in Resources */,
				8E7FEAC91570178500A02A0E /* kreis_win.png in Resources */,
				8E7FEACB1570179000A02A0E /* kreuz_win.png in Resources */,
				8E70ED2815A1982100D0A4D5 /* login.json in Resources */,
			);
			runOnlyForDeploymentPostprocessing = 0;
		};
/* End PBXResourcesBuildPhase section */

/* Begin PBXSourcesBuildPhase section */
		8E3C7AE815455FB50062D136 /* Sources */ = {
			isa = PBXSourcesBuildPhase;
			buildActionMask = 2147483647;
			files = (
				8E3C7AFD15455FB50062D136 /* main.m in Sources */,
				8E3C7B0115455FB50062D136 /* AppDelegate.m in Sources */,
				8E3C7B0415455FB50062D136 /* GameViewController.m in Sources */,
				8E02AC4D1560F8710042CB74 /* TicTacToeMatrix.m in Sources */,
				8EF84E6F156155850023C647 /* MapViewController.m in Sources */,
				8EF84E751561585F0023C647 /* ViewController.m in Sources */,
				8EF84E7A15615C230023C647 /* SettingsViewController.m in Sources */,
				8E8C3E25156A3D3900598590 /* WinNotificationObject.m in Sources */,
				8E8C3E29156A53BD00598590 /* SetFieldObject.m in Sources */,
				8E6BF524157CADB400B18F24 /* SettingsModel.m in Sources */,
				8EF04A9E158F200C00EB91B4 /* Player.m in Sources */,
				8E70ED2C15A198B100D0A4D5 /* GameServerProxy.m in Sources */,
			);
			runOnlyForDeploymentPostprocessing = 0;
		};
/* End PBXSourcesBuildPhase section */

/* Begin PBXVariantGroup section */
		8E3C7AF915455FB50062D136 /* InfoPlist.strings */ = {
			isa = PBXVariantGroup;
			children = (
				8E3C7AFA15455FB50062D136 /* en */,
			);
			name = InfoPlist.strings;
			sourceTree = "<group>";
		};
		8E3C7B0515455FB50062D136 /* GameViewController.xib */ = {
			isa = PBXVariantGroup;
			children = (
				8E3C7B0615455FB50062D136 /* en */,
			);
			name = GameViewController.xib;
			sourceTree = "<group>";
		};
/* End PBXVariantGroup section */

/* Begin XCBuildConfiguration section */
		8E3C7B0815455FB50062D136 /* Debug */ = {
			isa = XCBuildConfiguration;
			buildSettings = {
				ALWAYS_SEARCH_USER_PATHS = NO;
				ARCHS = "$(ARCHS_STANDARD_32_BIT)";
				"CODE_SIGN_IDENTITY[sdk=iphoneos*]" = "iPhone Developer";
				COPY_PHASE_STRIP = NO;
				GCC_C_LANGUAGE_STANDARD = gnu99;
				GCC_DYNAMIC_NO_PIC = NO;
				GCC_OPTIMIZATION_LEVEL = 0;
				GCC_PREPROCESSOR_DEFINITIONS = (
					"DEBUG=1",
					"$(inherited)",
				);
				GCC_SYMBOLS_PRIVATE_EXTERN = NO;
				GCC_VERSION = com.apple.compilers.llvm.clang.1_0;
				GCC_WARN_ABOUT_RETURN_TYPE = YES;
				GCC_WARN_UNINITIALIZED_AUTOS = YES;
				GCC_WARN_UNUSED_VARIABLE = YES;
				IPHONEOS_DEPLOYMENT_TARGET = 5.1;
				SDKROOT = iphoneos;
			};
			name = Debug;
		};
		8E3C7B0915455FB50062D136 /* Release */ = {
			isa = XCBuildConfiguration;
			buildSettings = {
				ALWAYS_SEARCH_USER_PATHS = NO;
				ARCHS = "$(ARCHS_STANDARD_32_BIT)";
				"CODE_SIGN_IDENTITY[sdk=iphoneos*]" = "iPhone Developer";
				COPY_PHASE_STRIP = YES;
				GCC_C_LANGUAGE_STANDARD = gnu99;
				GCC_VERSION = com.apple.compilers.llvm.clang.1_0;
				GCC_WARN_ABOUT_RETURN_TYPE = YES;
				GCC_WARN_UNINITIALIZED_AUTOS = YES;
				GCC_WARN_UNUSED_VARIABLE = YES;
				IPHONEOS_DEPLOYMENT_TARGET = 5.1;
				OTHER_CFLAGS = "-DNS_BLOCK_ASSERTIONS=1";
				SDKROOT = iphoneos;
				VALIDATE_PRODUCT = YES;
			};
			name = Release;
		};
		8E3C7B0B15455FB50062D136 /* Debug */ = {
			isa = XCBuildConfiguration;
			buildSettings = {
				GCC_PRECOMPILE_PREFIX_HEADER = YES;
				GCC_PREFIX_HEADER = "tictactoe/tictactoe-Prefix.pch";
				INFOPLIST_FILE = "tictactoe/tictactoe-Info.plist";
				PRODUCT_NAME = "$(TARGET_NAME)";
				WRAPPER_EXTENSION = app;
			};
			name = Debug;
		};
		8E3C7B0C15455FB50062D136 /* Release */ = {
			isa = XCBuildConfiguration;
			buildSettings = {
				GCC_PRECOMPILE_PREFIX_HEADER = YES;
				GCC_PREFIX_HEADER = "tictactoe/tictactoe-Prefix.pch";
				INFOPLIST_FILE = "tictactoe/tictactoe-Info.plist";
				PRODUCT_NAME = "$(TARGET_NAME)";
				WRAPPER_EXTENSION = app;
			};
			name = Release;
		};
/* End XCBuildConfiguration section */

/* Begin XCConfigurationList section */
		8E3C7AE615455FB40062D136 /* Build configuration list for PBXProject "tictactoe" */ = {
			isa = XCConfigurationList;
			buildConfigurations = (
				8E3C7B0815455FB50062D136 /* Debug */,
				8E3C7B0915455FB50062D136 /* Release */,
			);
			defaultConfigurationIsVisible = 0;
			defaultConfigurationName = Release;
		};
		8E3C7B0A15455FB50062D136 /* Build configuration list for PBXNativeTarget "tictactoe" */ = {
			isa = XCConfigurationList;
			buildConfigurations = (
				8E3C7B0B15455FB50062D136 /* Debug */,
				8E3C7B0C15455FB50062D136 /* Release */,
			);
			defaultConfigurationIsVisible = 0;
			defaultConfigurationName = Release;
		};
/* End XCConfigurationList section */
	};
	rootObject = 8E3C7AE315455FB40062D136 /* Project object */;
}
